
Microsoft Visual Studio Solution File, Format Version 12.00
# Visual Studio Version 17
VisualStudioVersion = 17.4.33205.214
MinimumVisualStudioVersion = 10.0.40219.1
Project("{FAE04EC0-301F-11D3-BF4B-00C04F79EFBC}") = "AbbyWeb", "AbbyWeb\AbbyWeb.csproj", "{EAFE709D-2F3E-4561-938F-9A7F7402D04F}"
EndProject
Global
	GlobalSection(SolutionConfigurationPlatforms) = preSolution
		Debug|Any CPU = Debug|Any CPU
		Release|Any CPU = Release|Any CPU
	EndGlobalSection
	GlobalSection(ProjectConfigurationPlatforms) = postSolution
		{EAFE709D-2F3E-4561-938F-9A7F7402D04F}.Debug|Any CPU.ActiveCfg = Debug|Any CPU
		{EAFE709D-2F3E-4561-938F-9A7F7402D04F}.Debug|Any CPU.Build.0 = Debug|Any CPU
		{EAFE709D-2F3E-4561-938F-9A7F7402D04F}.Release|Any CPU.ActiveCfg = Release|Any CPU
		{EAFE709D-2F3E-4561-938F-9A7F7402D04F}.Release|Any CPU.Build.0 = Release|Any CPU
	EndGlobalSection
	GlobalSection(SolutionProperties) = preSolution
		HideSolutionNode = FALSE
	EndGlobalSection
	GlobalSection(ExtensibilityGlobals) = postSolution
		SolutionGuid = {00B774F2-7C5C-46FA-A1C0-ECD445E9EE80}
	EndGlobalSection
EndGlobal
